
Microsoft Visual Studio Solution File, Format Version 12.00
# Visual Studio Version 16
VisualStudioVersion = 16.0.31129.286
MinimumVisualStudioVersion = 10.0.40219.1
Project("{FAE04EC0-301F-11D3-BF4B-00C04F79EFBC}") = "Tessier_Lab4Part3", "Tessier_Lab4Part3\Tessier_Lab4Part3.csproj", "{892C6F59-143F-404B-873D-2778548FED14}"
EndProject
Global
	GlobalSection(SolutionConfigurationPlatforms) = preSolution
		Debug|Any CPU = Debug|Any CPU
		Release|Any CPU = Release|Any CPU
	EndGlobalSection
	GlobalSection(ProjectConfigurationPlatforms) = postSolution
		{892C6F59-143F-404B-873D-2778548FED14}.Debug|Any CPU.ActiveCfg = Debug|Any CPU
		{892C6F59-143F-404B-873D-2778548FED14}.Debug|Any CPU.Build.0 = Debug|Any CPU
		{892C6F59-143F-404B-873D-2778548FED14}.Release|Any CPU.ActiveCfg = Release|Any CPU
		{892C6F59-143F-404B-873D-2778548FED14}.Release|Any CPU.Build.0 = Release|Any CPU
	EndGlobalSection
	GlobalSection(SolutionProperties) = preSolution
		HideSolutionNode = FALSE
	EndGlobalSection
	GlobalSection(ExtensibilityGlobals) = postSolution
		SolutionGuid = {9A9ACEB7-6AC7-42FA-8064-02B8B150EC98}
	EndGlobalSection
EndGlobal
